// !$*UTF8*$!
{
	archiveVersion = 1;
	classes = {
	};
	objectVersion = 46;
	objects = {

/* Begin PBXBuildFile section */
		18DAD3C11BCDE258001A556F /* main.m in Sources */ = {isa = PBXBuildFile; fileRef = 18DAD3C01BCDE258001A556F /* main.m */; };
		18DAD3C41BCDE258001A556F /* AppDelegate.m in Sources */ = {isa = PBXBuildFile; fileRef = 18DAD3C31BCDE258001A556F /* AppDelegate.m */; };
		18DAD3C71BCDE258001A556F /* ViewController.m in Sources */ = {isa = PBXBuildFile; fileRef = 18DAD3C61BCDE258001A556F /* ViewController.m */; };
		18DAD3CA1BCDE258001A556F /* Main.storyboard in Resources */ = {isa = PBXBuildFile; fileRef = 18DAD3C81BCDE258001A556F /* Main.storyboard */; };
		18DAD3CC1BCDE258001A556F /* Assets.xcassets in Resources */ = {isa = PBXBuildFile; fileRef = 18DAD3CB1BCDE258001A556F /* Assets.xcassets */; };
		18DAD3CF1BCDE258001A556F /* LaunchScreen.storyboard in Resources */ = {isa = PBXBuildFile; fileRef = 18DAD3CD1BCDE258001A556F /* LaunchScreen.storyboard */; };
		18DAD3D71BCE02EF001A556F /* index.html in Resources */ = {isa = PBXBuildFile; fileRef = 18DAD3D61BCE02EF001A556F /* index.html */; settings = {ASSET_TAGS = (); }; };
/* End PBXBuildFile section */

/* Begin PBXFileReference section */
		18DAD3BC1BCDE258001A556F /* UIWebView1014.app */ = {isa = PBXFileReference; explicitFileType = wrapper.application; includeInIndex = 0; path = UIWebView1014.app; sourceTree = BUILT_PRODUCTS_DIR; };
		18DAD3C01BCDE258001A556F /* main.m */ = {isa = PBXFileReference; lastKnownFileType = sourcecode.c.objc; path = main.m; sourceTree = "<group>"; };
		18DAD3C21BCDE258001A556F /* AppDelegate.h */ = {isa = PBXFileReference; lastKnownFileType = sourcecode.c.h; path = AppDelegate.h; sourceTree = "<group>"; };
		18DAD3C31BCDE258001A556F /* AppDelegate.m */ = {isa = PBXFileReference; lastKnownFileType = sourcecode.c.objc; path = AppDelegate.m; sourceTree = "<group>"; };
		18DAD3C51BCDE258001A556F /* ViewController.h */ = {isa = PBXFileReference; lastKnownFileType = sourcecode.c.h; path = ViewController.h; sourceTree = "<group>"; };
		18DAD3C61BCDE258001A556F /* ViewController.m */ = {isa = PBXFileReference; lastKnownFileType = sourcecode.c.objc; path = ViewController.m; sourceTree = "<group>"; };
		18DAD3C91BCDE258001A556F /* Base */ = {isa = PBXFileReference; lastKnownFileType = file.storyboard; name = Base; path = Base.lproj/Main.storyboard; sourceTree = "<group>"; };
		18DAD3CB1BCDE258001A556F /* Assets.xcassets */ = {isa = PBXFileReference; lastKnownFileType = folder.assetcatalog; path = Assets.xcassets; sourceTree = "<group>"; };
		18DAD3CE1BCDE258001A556F /* Base */ = {isa = PBXFileReference; lastKnownFileType = file.storyboard; name = Base; path = Base.lproj/LaunchScreen.storyboard; sourceTree = "<group>"; };
		18DAD3D01BCDE258001A556F /* Info.plist */ = {isa = PBXFileReference; lastKnownFileType = text.plist.xml; path = Info.plist; sourceTree = "<group>"; };
		18DAD3D61BCE02EF001A556F /* index.html */ = {isa = PBXFileReference; fileEncoding = 4; lastKnownFileType = text.html; path = index.html; sourceTree = "<group>"; };
/* End PBXFileReference section */

/* Begin PBXFrameworksBuildPhase section */
		18DAD3B91BCDE258001A556F /* Frameworks */ = {
			isa = PBXFrameworksBuildPhase;
			buildActionMask = 2147483647;
			files = (
			);
			runOnlyForDeploymentPostprocessing = 0;
		};
/* End PBXFrameworksBuildPhase section */

/* Begin PBXGroup section */
		18DAD3B31BCDE258001A556F = {
			isa = PBXGroup;
			children = (
				18DAD3BE1BCDE258001A556F /* UIWebView1014 */,
				18DAD3BD1BCDE258001A556F /* Products */,
			);
			sourceTree = "<group>";
		};
		18DAD3BD1BCDE258001A556F /* Products */ = {
			isa = PBXGroup;
			children = (
				18DAD3BC1BCDE258001A556F /* UIWebView1014.app */,
			);
			name = Products;
			sourceTree = "<group>";
		};
		18DAD3BE1BCDE258001A556F /* UIWebView1014 */ = {
			isa = PBXGroup;
			children = (
				18DAD3C21BCDE258001A556F /* AppDelegate.h */,
				18DAD3C31BCDE258001A556F /* AppDelegate.m */,
				18DAD3C51BCDE258001A556F /* ViewController.h */,
				18DAD3C61BCDE258001A556F /* ViewController.m */,
				18DAD3D61BCE02EF001A556F /* index.html */,
				18DAD3C81BCDE258001A556F /* Main.storyboard */,
				18DAD3CB1BCDE258001A556F /* Assets.xcassets */,
				18DAD3CD1BCDE258001A556F /* LaunchScreen.storyboard */,
				18DAD3D01BCDE258001A556F /* Info.plist */,
				18DAD3BF1BCDE258001A556F /* Supporting Files */,
			);
			path = UIWebView1014;
			sourceTree = "<group>";
		};
		18DAD3BF1BCDE258001A556F /* Supporting Files */ = {
			isa = PBXGroup;
			children = (
				18DAD3C01BCDE258001A556F /* main.m */,
			);
			name = "Supporting Files";
			sourceTree = "<group>";
		};
/* End PBXGroup section */

/* Begin PBXNativeTarget section */
		18DAD3BB1BCDE258001A556F /* UIWebView1014 */ = {
			isa = PBXNativeTarget;
			buildConfigurationList = 18DAD3D31BCDE258001A556F /* Build configuration list for PBXNativeTarget "UIWebView1014" */;
			buildPhases = (
				18DAD3B81BCDE258001A556F /* Sources */,
				18DAD3B91BCDE258001A556F /* Frameworks */,
				18DAD3BA1BCDE258001A556F /* Resources */,
			);
			buildRules = (
			);
			dependencies = (
			);
			name = UIWebView1014;
			productName = UIWebView1014;
			productReference = 18DAD3BC1BCDE258001A556F /* UIWebView1014.app */;
			productType = "com.apple.product-type.application";
		};
/* End PBXNativeTarget section */

/* Begin PBXProject section */
		18DAD3B41BCDE258001A556F /* Project object */ = {
			isa = PBXProject;
			attributes = {
				LastUpgradeCheck = 0700;
				ORGANIZATIONNAME = apple;
				TargetAttributes = {
					18DAD3BB1BCDE258001A556F = {
						CreatedOnToolsVersion = 7.0;
						DevelopmentTeam = 8638KAWY4G;
					};
				};
			};
			buildConfigurationList = 18DAD3B71BCDE258001A556F /* Build configuration list for PBXProject "UIWebView1014" */;
			compatibilityVersion = "Xcode 3.2";
			developmentRegion = English;
			hasScannedForEncodings = 0;
			knownRegions = (
				en,
				Base,
			);
			mainGroup = 18DAD3B31BCDE258001A556F;
			productRefGroup = 18DAD3BD1BCDE258001A556F /* Products */;
			projectDirPath = "";
			projectRoot = "";
			targets = (
				18DAD3BB1BCDE258001A556F /* UIWebView1014 */,
			);
		};
/* End PBXProject section */

/* Begin PBXResourcesBuildPhase section */
		18DAD3BA1BCDE258001A556F /* Resources */ = {
			isa = PBXResourcesBuildPhase;
			buildActionMask = 2147483647;
			files = (
				18DAD3CF1BCDE258001A556F /* LaunchScreen.storyboard in Resources */,
				18DAD3D71BCE02EF001A556F /* index.html in Resources */,
				18DAD3CC1BCDE258001A556F /* Assets.xcassets in Resources */,
				18DAD3CA1BCDE258001A556F /* Main.storyboard in Resources */,
			);
			runOnlyForDeploymentPostprocessing = 0;
		};
/* End PBXResourcesBuildPhase section */

/* Begin PBXSourcesBuildPhase section */
		18DAD3B81BCDE258001A556F /* Sources */ = {
			isa = PBXSourcesBuildPhase;
			buildActionMask = 2147483647;
			files = (
				18DAD3C71BCDE258001A556F /* ViewController.m in Sources */,
				18DAD3C41BCDE258001A556F /* AppDelegate.m in Sources */,
				18DAD3C11BCDE258001A556F /* main.m in Sources */,
			);
			runOnlyForDeploymentPostprocessing = 0;
		};
/* End PBXSourcesBuildPhase section */

/* Begin PBXVariantGroup section */
		18DAD3C81BCDE258001A556F /* Main.storyboard */ = {
			isa = PBXVariantGroup;
			children = (
				18DAD3C91BCDE258001A556F /* Base */,
			);
			name = Main.storyboard;
			sourceTree = "<group>";
		};
		18DAD3CD1BCDE258001A556F /* LaunchScreen.storyboard */ = {
			isa = PBXVariantGroup;
			children = (
				18DAD3CE1BCDE258001A556F /* Base */,
			);
			name = LaunchScreen.storyboard;
			sourceTree = "<group>";
		};
/* End PBXVariantGroup section */

/* Begin XCBuildConfiguration section */
		18DAD3D11BCDE258001A556F /* Debug */ = {
			isa = XCBuildConfiguration;
			buildSettings = {
				ALWAYS_SEARCH_USER_PATHS = NO;
				CLANG_CXX_LANGUAGE_STANDARD = "gnu++0x";
				CLANG_CXX_LIBRARY = "libc++";
				CLANG_ENABLE_MODULES = YES;
				CLANG_ENABLE_OBJC_ARC = YES;
				CLANG_WARN_BOOL_CONVERSION = YES;
				CLANG_WARN_CONSTANT_CONVERSION = YES;
				CLANG_WARN_DIRECT_OBJC_ISA_USAGE = YES_ERROR;
				CLANG_WARN_EMPTY_BODY = YES;
				CLANG_WARN_ENUM_CONVERSION = YES;
				CLANG_WARN_INT_CONVERSION = YES;
				CLANG_WARN_OBJC_ROOT_CLASS = YES_ERROR;
				CLANG_WARN_UNREACHABLE_CODE = YES;
				CLANG_WARN__DUPLICATE_METHOD_MATCH = YES;
				"CODE_SIGN_IDENTITY[sdk=iphoneos*]" = "iPhone Developer";
				COPY_PHASE_STRIP = NO;
				DEBUG_INFORMATION_FORMAT = dwarf;
				ENABLE_STRICT_OBJC_MSGSEND = YES;
				ENABLE_TESTABILITY = YES;
				GCC_C_LANGUAGE_STANDARD = gnu99;
				GCC_DYNAMIC_NO_PIC = NO;
				GCC_NO_COMMON_BLOCKS = YES;
				GCC_OPTIMIZATION_LEVEL = 0;
				GCC_PREPROCESSOR_DEFINITIONS = (
					"DEBUG=1",
					"$(inherited)",
				);
				GCC_WARN_64_TO_32_BIT_CONVERSION = YES;
				GCC_WARN_ABOUT_RETURN_TYPE = YES_ERROR;
				GCC_WARN_UNDECLARED_SELECTOR = YES;
				GCC_WARN_UNINITIALIZED_AUTOS = YES_AGGRESSIVE;
				GCC_WARN_UNUSED_FUNCTION = YES;
				GCC_WARN_UNUSED_VARIABLE = YES;
				IPHONEOS_DEPLOYMENT_TARGET = 9.0;
				MTL_ENABLE_DEBUG_INFO = YES;
				ONLY_ACTIVE_ARCH = YES;
				SDKROOT = iphoneos;
			};
			name = Debug;
		};
		18DAD3D21BCDE258001A556F /* Release */ = {
			isa = XCBuildConfiguration;
			buildSettings = {
				ALWAYS_SEARCH_USER_PATHS = NO;
				CLANG_CXX_LANGUAGE_STANDARD = "gnu++0x";
				CLANG_CXX_LIBRARY = "libc++";
				CLANG_ENABLE_MODULES = YES;
				CLANG_ENABLE_OBJC_ARC = YES;
				CLANG_WARN_BOOL_CONVERSION = YES;
				CLANG_WARN_CONSTANT_CONVERSION = YES;
				CLANG_WARN_DIRECT_OBJC_ISA_USAGE = YES_ERROR;
				CLANG_WARN_EMPTY_BODY = YES;
				CLANG_WARN_ENUM_CONVERSION = YES;
				CLANG_WARN_INT_CONVERSION = YES;
				CLANG_WARN_OBJC_ROOT_CLASS = YES_ERROR;
				CLANG_WARN_UNREACHABLE_CODE = YES;
				CLANG_WARN__DUPLICATE_METHOD_MATCH = YES;
				"CODE_SIGN_IDENTITY[sdk=iphoneos*]" = "iPhone Developer";
				COPY_PHASE_STRIP = NO;
				DEBUG_INFORMATION_FORMAT = "dwarf-with-dsym";
				ENABLE_NS_ASSERTIONS = NO;
				ENABLE_STRICT_OBJC_MSGSEND = YES;
				GCC_C_LANGUAGE_STANDARD = gnu99;
				GCC_NO_COMMON_BLOCKS = YES;
				GCC_WARN_64_TO_32_BIT_CONVERSION = YES;
				GCC_WARN_ABOUT_RETURN_TYPE = YES_ERROR;
				GCC_WARN_UNDECLARED_SELECTOR = YES;
				GCC_WARN_UNINITIALIZED_AUTOS = YES_AGGRESSIVE;
				GCC_WARN_UNUSED_FUNCTION = YES;
				GCC_WARN_UNUSED_VARIABLE = YES;
				IPHONEOS_DEPLOYMENT_TARGET = 9.0;
				MTL_ENABLE_DEBUG_INFO = NO;
				SDKROOT = iphoneos;
				VALIDATE_PRODUCT = YES;
			};
			name = Release;
		};
		18DAD3D41BCDE258001A556F /* Debug */ = {
			isa = XCBuildConfiguration;
			buildSettings = {
				ASSETCATALOG_COMPILER_APPICON_NAME = AppIcon;
				INFOPLIST_FILE = UIWebView1014/Info.plist;
				LD_RUNPATH_SEARCH_PATHS = "$(inherited) @executable_path/Frameworks";
				PRODUCT_BUNDLE_IDENTIFIER = com.haha.UIWebView1014;
				PRODUCT_NAME = "$(TARGET_NAME)";
			};
			name = Debug;
		};
		18DAD3D51BCDE258001A556F /* Release */ = {
			isa = XCBuildConfiguration;
			buildSettings = {
				ASSETCATALOG_COMPILER_APPICON_NAME = AppIcon;
				INFOPLIST_FILE = UIWebView1014/Info.plist;
				LD_RUNPATH_SEARCH_PATHS = "$(inherited) @executable_path/Frameworks";
				PRODUCT_BUNDLE_IDENTIFIER = com.haha.UIWebView1014;
				PRODUCT_NAME = "$(TARGET_NAME)";
			};
			name = Release;
		};
/* End XCBuildConfiguration section */

/* Begin XCConfigurationList section */
		18DAD3B71BCDE258001A556F /* Build configuration list for PBXProject "UIWebView1014" */ = {
			isa = XCConfigurationList;
			buildConfigurations = (
				18DAD3D11BCDE258001A556F /* Debug */,
				18DAD3D21BCDE258001A556F /* Release */,
			);
			defaultConfigurationIsVisible = 0;
			defaultConfigurationName = Release;
		};
		18DAD3D31BCDE258001A556F /* Build configuration list for PBXNativeTarget "UIWebView1014" */ = {
			isa = XCConfigurationList;
			buildConfigurations = (
				18DAD3D41BCDE258001A556F /* Debug */,
				18DAD3D51BCDE258001A556F /* Release */,
			);
			defaultConfigurationIsVisible = 0;
		};
/* End XCConfigurationList section */
	};
	rootObject = 18DAD3B41BCDE258001A556F /* Project object */;
}
